{
  "name": "mr-selector",
  "version": "1.0.0",
  "lockfileVersion": 1,
  "requires": true,
  "dependencies": {
    "bryce-geometry": {
      "version": "1.0.1",
      "resolved": "https://registry.npmjs.org/bryce-geometry/-/bryce-geometry-1.0.1.tgz",
      "integrity": "sha512-BZplxSc0Dmu6B4Kot0AP+RZrNHRQWM9fn5Rm3dbFq43sj4mzGG659+qzLvnbDCNsWr/O9QAPWMnWqPMLtBhuXg=="
    }
  }
}
